
Microsoft Visual Studio Solution File, Format Version 12.00
# Visual Studio 15
VisualStudioVersion = 15.0.28307.1022
MinimumVisualStudioVersion = 10.0.40219.1
Project("{9A19103F-16F7-4668-BE54-9A1E7A4F7556}") = "Cart", "Cart\Cart.csproj", "{B1B8B3B2-099B-448C-B814-1E42C263BA66}"
EndProject
Project("{9A19103F-16F7-4668-BE54-9A1E7A4F7556}") = "Product", "Product\Product.csproj", "{E53DF926-6044-46E0-BAF2-DD8C0D46D058}"
EndProject
Project("{9A19103F-16F7-4668-BE54-9A1E7A4F7556}") = "User", "User\User.csproj", "{B41FEFC8-566C-4832-862C-E60A383E7177}"
EndProject
Project("{FAE04EC0-301F-11D3-BF4B-00C04F79EFBC}") = "ApiGateWay", "ApiGateWay\ApiGateWay.csproj", "{1278B65D-5799-4F52-A033-4CBCAFE3825F}"
EndProject
Global
	GlobalSection(SolutionConfigurationPlatforms) = preSolution
		Debug|Any CPU = Debug|Any CPU
		Release|Any CPU = Release|Any CPU
	EndGlobalSection
	GlobalSection(ProjectConfigurationPlatforms) = postSolution
		{B1B8B3B2-099B-448C-B814-1E42C263BA66}.Debug|Any CPU.ActiveCfg = Debug|Any CPU
		{B1B8B3B2-099B-448C-B814-1E42C263BA66}.Debug|Any CPU.Build.0 = Debug|Any CPU
		{B1B8B3B2-099B-448C-B814-1E42C263BA66}.Release|Any CPU.ActiveCfg = Release|Any CPU
		{B1B8B3B2-099B-448C-B814-1E42C263BA66}.Release|Any CPU.Build.0 = Release|Any CPU
		{E53DF926-6044-46E0-BAF2-DD8C0D46D058}.Debug|Any CPU.ActiveCfg = Debug|Any CPU
		{E53DF926-6044-46E0-BAF2-DD8C0D46D058}.Debug|Any CPU.Build.0 = Debug|Any CPU
		{E53DF926-6044-46E0-BAF2-DD8C0D46D058}.Release|Any CPU.ActiveCfg = Release|Any CPU
		{E53DF926-6044-46E0-BAF2-DD8C0D46D058}.Release|Any CPU.Build.0 = Release|Any CPU
		{B41FEFC8-566C-4832-862C-E60A383E7177}.Debug|Any CPU.ActiveCfg = Debug|Any CPU
		{B41FEFC8-566C-4832-862C-E60A383E7177}.Debug|Any CPU.Build.0 = Debug|Any CPU
		{B41FEFC8-566C-4832-862C-E60A383E7177}.Release|Any CPU.ActiveCfg = Release|Any CPU
		{B41FEFC8-566C-4832-862C-E60A383E7177}.Release|Any CPU.Build.0 = Release|Any CPU
		{1278B65D-5799-4F52-A033-4CBCAFE3825F}.Debug|Any CPU.ActiveCfg = Debug|Any CPU
		{1278B65D-5799-4F52-A033-4CBCAFE3825F}.Debug|Any CPU.Build.0 = Debug|Any CPU
		{1278B65D-5799-4F52-A033-4CBCAFE3825F}.Release|Any CPU.ActiveCfg = Release|Any CPU
		{1278B65D-5799-4F52-A033-4CBCAFE3825F}.Release|Any CPU.Build.0 = Release|Any CPU
	EndGlobalSection
	GlobalSection(SolutionProperties) = preSolution
		HideSolutionNode = FALSE
	EndGlobalSection
	GlobalSection(ExtensibilityGlobals) = postSolution
		SolutionGuid = {AD630625-E196-45FF-A0EC-B07BFF3C2EA5}
	EndGlobalSection
EndGlobal
